
Microsoft Visual Studio Solution File, Format Version 12.00
# Visual Studio 2013
VisualStudioVersion = 12.0.21005.1
MinimumVisualStudioVersion = 10.0.40219.1
Project("{FAE04EC0-301F-11D3-BF4B-00C04F79EFBC}") = "Lab1", "Lab1\Lab1.csproj", "{89824716-F22F-4B0D-9DF3-64B5C0337D16}"
EndProject
Project("{FAE04EC0-301F-11D3-BF4B-00C04F79EFBC}") = "Lab3", "Lab3.\Lab3.csproj", "{18B307F4-9C39-406A-9A22-81467DECE19E}"
EndProject
Project("{FAE04EC0-301F-11D3-BF4B-00C04F79EFBC}") = "lab3,", "C:\Users\ar114\Desktop\CG INTE1210 L02\loopDo\C# Programming\lab3,\lab3,.csproj", "{911C7C3C-0810-459D-A4C3-DD9B10FB7E99}"
EndProject
Global
	GlobalSection(SolutionConfigurationPlatforms) = preSolution
		Debug|Any CPU = Debug|Any CPU
		Release|Any CPU = Release|Any CPU
	EndGlobalSection
	GlobalSection(ProjectConfigurationPlatforms) = postSolution
		{89824716-F22F-4B0D-9DF3-64B5C0337D16}.Debug|Any CPU.ActiveCfg = Debug|Any CPU
		{89824716-F22F-4B0D-9DF3-64B5C0337D16}.Debug|Any CPU.Build.0 = Debug|Any CPU
		{89824716-F22F-4B0D-9DF3-64B5C0337D16}.Release|Any CPU.ActiveCfg = Release|Any CPU
		{89824716-F22F-4B0D-9DF3-64B5C0337D16}.Release|Any CPU.Build.0 = Release|Any CPU
		{18B307F4-9C39-406A-9A22-81467DECE19E}.Debug|Any CPU.ActiveCfg = Debug|Any CPU
		{18B307F4-9C39-406A-9A22-81467DECE19E}.Debug|Any CPU.Build.0 = Debug|Any CPU
		{18B307F4-9C39-406A-9A22-81467DECE19E}.Release|Any CPU.ActiveCfg = Release|Any CPU
		{18B307F4-9C39-406A-9A22-81467DECE19E}.Release|Any CPU.Build.0 = Release|Any CPU
		{911C7C3C-0810-459D-A4C3-DD9B10FB7E99}.Debug|Any CPU.ActiveCfg = Debug|Any CPU
		{911C7C3C-0810-459D-A4C3-DD9B10FB7E99}.Debug|Any CPU.Build.0 = Debug|Any CPU
		{911C7C3C-0810-459D-A4C3-DD9B10FB7E99}.Release|Any CPU.ActiveCfg = Release|Any CPU
		{911C7C3C-0810-459D-A4C3-DD9B10FB7E99}.Release|Any CPU.Build.0 = Release|Any CPU
	EndGlobalSection
	GlobalSection(SolutionProperties) = preSolution
		HideSolutionNode = FALSE
	EndGlobalSection
EndGlobal
